// !$*UTF8*$!
{
	archiveVersion = 1;
	classes = {
	};
	objectVersion = 50;
	objects = {

/* Begin PBXBuildFile section */
		C303181F911869BED296545A /* Pods_CustomEmptyView.framework in Frameworks */ = {isa = PBXBuildFile; fileRef = A7AFCEA1C7C6C3DF5A6CB226 /* Pods_CustomEmptyView.framework */; };
		C486BDD12522E7E700D423CE /* CustomEmptyView.framework in Frameworks */ = {isa = PBXBuildFile; fileRef = C486BDC72522E7E700D423CE /* CustomEmptyView.framework */; };
		C486BDD62522E7E700D423CE /* CustomEmptyViewTests.m in Sources */ = {isa = PBXBuildFile; fileRef = C486BDD52522E7E700D423CE /* CustomEmptyViewTests.m */; };
		C486BDEE2522E84A00D423CE /* UIView+Empty.h in Headers */ = {isa = PBXBuildFile; fileRef = C486BDE32522E84900D423CE /* UIView+Empty.h */; };
		C486BDEF2522E84A00D423CE /* CustomEmptyView.m in Sources */ = {isa = PBXBuildFile; fileRef = C486BDE42522E84900D423CE /* CustomEmptyView.m */; };
		C486BDF02522E84A00D423CE /* LYEmptyView.h in Headers */ = {isa = PBXBuildFile; fileRef = C486BDE52522E84900D423CE /* LYEmptyView.h */; };
		C486BDF12522E84A00D423CE /* UIView+LYExtension.m in Sources */ = {isa = PBXBuildFile; fileRef = C486BDE62522E84900D423CE /* UIView+LYExtension.m */; };
		C486BDF22522E84A00D423CE /* CustomEmptyView.h in Headers */ = {isa = PBXBuildFile; fileRef = C486BDE72522E84900D423CE /* CustomEmptyView.h */; };
		C486BDF32522E84A00D423CE /* LYEmptyViewHeader.h in Headers */ = {isa = PBXBuildFile; fileRef = C486BDE82522E84900D423CE /* LYEmptyViewHeader.h */; };
		C486BDF42522E84A00D423CE /* LYEmptyView.m in Sources */ = {isa = PBXBuildFile; fileRef = C486BDE92522E84900D423CE /* LYEmptyView.m */; };
		C486BDF52522E84A00D423CE /* UIView+LYExtension.h in Headers */ = {isa = PBXBuildFile; fileRef = C486BDEA2522E84900D423CE /* UIView+LYExtension.h */; };
		C486BDF62522E84A00D423CE /* LYEmptyBaseView.h in Headers */ = {isa = PBXBuildFile; fileRef = C486BDEB2522E84A00D423CE /* LYEmptyBaseView.h */; };
		C486BDF72522E84A00D423CE /* LYEmptyBaseView.m in Sources */ = {isa = PBXBuildFile; fileRef = C486BDEC2522E84A00D423CE /* LYEmptyBaseView.m */; };
		C486BDF82522E84A00D423CE /* UIView+Empty.m in Sources */ = {isa = PBXBuildFile; fileRef = C486BDED2522E84A00D423CE /* UIView+Empty.m */; };
		C486BDFB2522E87700D423CE /* CustomEmptyView.podspec in Resources */ = {isa = PBXBuildFile; fileRef = C486BDF92522E87600D423CE /* CustomEmptyView.podspec */; };
		C486BDFC2522E87700D423CE /* LICENSE in Resources */ = {isa = PBXBuildFile; fileRef = C486BDFA2522E87600D423CE /* LICENSE */; };
/* End PBXBuildFile section */

/* Begin PBXContainerItemProxy section */
		C486BDD22522E7E700D423CE /* PBXContainerItemProxy */ = {
			isa = PBXContainerItemProxy;
			containerPortal = C486BDBE2522E7E700D423CE /* Project object */;
			proxyType = 1;
			remoteGlobalIDString = C486BDC62522E7E700D423CE;
			remoteInfo = CustomEmptyView;
		};
/* End PBXContainerItemProxy section */

/* Begin PBXFileReference section */
		46750FA5DC418D47D83E9C04 /* Pods-CustomEmptyView.release.xcconfig */ = {isa = PBXFileReference; includeInIndex = 1; lastKnownFileType = text.xcconfig; name = "Pods-CustomEmptyView.release.xcconfig"; path = "Target Support Files/Pods-CustomEmptyView/Pods-CustomEmptyView.release.xcconfig"; sourceTree = "<group>"; };
		A7AFCEA1C7C6C3DF5A6CB226 /* Pods_CustomEmptyView.framework */ = {isa = PBXFileReference; explicitFileType = wrapper.framework; includeInIndex = 0; path = Pods_CustomEmptyView.framework; sourceTree = BUILT_PRODUCTS_DIR; };
		C486BDC72522E7E700D423CE /* CustomEmptyView.framework */ = {isa = PBXFileReference; explicitFileType = wrapper.framework; includeInIndex = 0; path = CustomEmptyView.framework; sourceTree = BUILT_PRODUCTS_DIR; };
		C486BDCB2522E7E700D423CE /* Info.plist */ = {isa = PBXFileReference; lastKnownFileType = text.plist.xml; path = Info.plist; sourceTree = "<group>"; };
		C486BDD02522E7E700D423CE /* CustomEmptyViewTests.xctest */ = {isa = PBXFileReference; explicitFileType = wrapper.cfbundle; includeInIndex = 0; path = CustomEmptyViewTests.xctest; sourceTree = BUILT_PRODUCTS_DIR; };
		C486BDD52522E7E700D423CE /* CustomEmptyViewTests.m */ = {isa = PBXFileReference; lastKnownFileType = sourcecode.c.objc; path = CustomEmptyViewTests.m; sourceTree = "<group>"; };
		C486BDD72522E7E700D423CE /* Info.plist */ = {isa = PBXFileReference; lastKnownFileType = text.plist.xml; path = Info.plist; sourceTree = "<group>"; };
		C486BDE32522E84900D423CE /* UIView+Empty.h */ = {isa = PBXFileReference; fileEncoding = 4; lastKnownFileType = sourcecode.c.h; path = "UIView+Empty.h"; sourceTree = "<group>"; };
		C486BDE42522E84900D423CE /* CustomEmptyView.m */ = {isa = PBXFileReference; fileEncoding = 4; lastKnownFileType = sourcecode.c.objc; path = CustomEmptyView.m; sourceTree = "<group>"; };
		C486BDE52522E84900D423CE /* LYEmptyView.h */ = {isa = PBXFileReference; fileEncoding = 4; lastKnownFileType = sourcecode.c.h; path = LYEmptyView.h; sourceTree = "<group>"; };
		C486BDE62522E84900D423CE /* UIView+LYExtension.m */ = {isa = PBXFileReference; fileEncoding = 4; lastKnownFileType = sourcecode.c.objc; path = "UIView+LYExtension.m"; sourceTree = "<group>"; };
		C486BDE72522E84900D423CE /* CustomEmptyView.h */ = {isa = PBXFileReference; fileEncoding = 4; lastKnownFileType = sourcecode.c.h; path = CustomEmptyView.h; sourceTree = "<group>"; };
		C486BDE82522E84900D423CE /* LYEmptyViewHeader.h */ = {isa = PBXFileReference; fileEncoding = 4; lastKnownFileType = sourcecode.c.h; path = LYEmptyViewHeader.h; sourceTree = "<group>"; };
		C486BDE92522E84900D423CE /* LYEmptyView.m */ = {isa = PBXFileReference; fileEncoding = 4; lastKnownFileType = sourcecode.c.objc; path = LYEmptyView.m; sourceTree = "<group>"; };
		C486BDEA2522E84900D423CE /* UIView+LYExtension.h */ = {isa = PBXFileReference; fileEncoding = 4; lastKnownFileType = sourcecode.c.h; path = "UIView+LYExtension.h"; sourceTree = "<group>"; };
		C486BDEB2522E84A00D423CE /* LYEmptyBaseView.h */ = {isa = PBXFileReference; fileEncoding = 4; lastKnownFileType = sourcecode.c.h; path = LYEmptyBaseView.h; sourceTree = "<group>"; };
		C486BDEC2522E84A00D423CE /* LYEmptyBaseView.m */ = {isa = PBXFileReference; fileEncoding = 4; lastKnownFileType = sourcecode.c.objc; path = LYEmptyBaseView.m; sourceTree = "<group>"; };
		C486BDED2522E84A00D423CE /* UIView+Empty.m */ = {isa = PBXFileReference; fileEncoding = 4; lastKnownFileType = sourcecode.c.objc; path = "UIView+Empty.m"; sourceTree = "<group>"; };
		C486BDF92522E87600D423CE /* CustomEmptyView.podspec */ = {isa = PBXFileReference; fileEncoding = 4; lastKnownFileType = text; path = CustomEmptyView.podspec; sourceTree = "<group>"; };
		C486BDFA2522E87600D423CE /* LICENSE */ = {isa = PBXFileReference; fileEncoding = 4; lastKnownFileType = text; path = LICENSE; sourceTree = "<group>"; };
		F66C146DB7C5D7CCDFFAF6B6 /* Pods-CustomEmptyView.debug.xcconfig */ = {isa = PBXFileReference; includeInIndex = 1; lastKnownFileType = text.xcconfig; name = "Pods-CustomEmptyView.debug.xcconfig"; path = "Target Support Files/Pods-CustomEmptyView/Pods-CustomEmptyView.debug.xcconfig"; sourceTree = "<group>"; };
/* End PBXFileReference section */

/* Begin PBXFrameworksBuildPhase section */
		C486BDC42522E7E700D423CE /* Frameworks */ = {
			isa = PBXFrameworksBuildPhase;
			buildActionMask = 2147483647;
			files = (
				C303181F911869BED296545A /* Pods_CustomEmptyView.framework in Frameworks */,
			);
			runOnlyForDeploymentPostprocessing = 0;
		};
		C486BDCD2522E7E700D423CE /* Frameworks */ = {
			isa = PBXFrameworksBuildPhase;
			buildActionMask = 2147483647;
			files = (
				C486BDD12522E7E700D423CE /* CustomEmptyView.framework in Frameworks */,
			);
			runOnlyForDeploymentPostprocessing = 0;
		};
/* End PBXFrameworksBuildPhase section */

/* Begin PBXGroup section */
		7E80CDCC2CF0289782A72675 /* Frameworks */ = {
			isa = PBXGroup;
			children = (
				A7AFCEA1C7C6C3DF5A6CB226 /* Pods_CustomEmptyView.framework */,
			);
			name = Frameworks;
			sourceTree = "<group>";
		};
		91721058AFDEA474A0F61236 /* Pods */ = {
			isa = PBXGroup;
			children = (
				F66C146DB7C5D7CCDFFAF6B6 /* Pods-CustomEmptyView.debug.xcconfig */,
				46750FA5DC418D47D83E9C04 /* Pods-CustomEmptyView.release.xcconfig */,
			);
			path = Pods;
			sourceTree = "<group>";
		};
		C486BDBD2522E7E700D423CE = {
			isa = PBXGroup;
			children = (
				C486BDF92522E87600D423CE /* CustomEmptyView.podspec */,
				C486BDFA2522E87600D423CE /* LICENSE */,
				C486BDC92522E7E700D423CE /* CustomEmptyView */,
				C486BDD42522E7E700D423CE /* CustomEmptyViewTests */,
				C486BDC82522E7E700D423CE /* Products */,
				91721058AFDEA474A0F61236 /* Pods */,
				7E80CDCC2CF0289782A72675 /* Frameworks */,
			);
			sourceTree = "<group>";
		};
		C486BDC82522E7E700D423CE /* Products */ = {
			isa = PBXGroup;
			children = (
				C486BDC72522E7E700D423CE /* CustomEmptyView.framework */,
				C486BDD02522E7E700D423CE /* CustomEmptyViewTests.xctest */,
			);
			name = Products;
			sourceTree = "<group>";
		};
		C486BDC92522E7E700D423CE /* CustomEmptyView */ = {
			isa = PBXGroup;
			children = (
				C486BDE22522E83C00D423CE /* EmptyView */,
				C486BDCB2522E7E700D423CE /* Info.plist */,
			);
			path = CustomEmptyView;
			sourceTree = "<group>";
		};
		C486BDD42522E7E700D423CE /* CustomEmptyViewTests */ = {
			isa = PBXGroup;
			children = (
				C486BDD52522E7E700D423CE /* CustomEmptyViewTests.m */,
				C486BDD72522E7E700D423CE /* Info.plist */,
			);
			path = CustomEmptyViewTests;
			sourceTree = "<group>";
		};
		C486BDE22522E83C00D423CE /* EmptyView */ = {
			isa = PBXGroup;
			children = (
				C486BDE72522E84900D423CE /* CustomEmptyView.h */,
				C486BDE42522E84900D423CE /* CustomEmptyView.m */,
				C486BDEB2522E84A00D423CE /* LYEmptyBaseView.h */,
				C486BDEC2522E84A00D423CE /* LYEmptyBaseView.m */,
				C486BDE52522E84900D423CE /* LYEmptyView.h */,
				C486BDE92522E84900D423CE /* LYEmptyView.m */,
				C486BDE82522E84900D423CE /* LYEmptyViewHeader.h */,
				C486BDE32522E84900D423CE /* UIView+Empty.h */,
				C486BDED2522E84A00D423CE /* UIView+Empty.m */,
				C486BDEA2522E84900D423CE /* UIView+LYExtension.h */,
				C486BDE62522E84900D423CE /* UIView+LYExtension.m */,
			);
			path = EmptyView;
			sourceTree = "<group>";
		};
/* End PBXGroup section */

/* Begin PBXHeadersBuildPhase section */
		C486BDC22522E7E700D423CE /* Headers */ = {
			isa = PBXHeadersBuildPhase;
			buildActionMask = 2147483647;
			files = (
				C486BDF02522E84A00D423CE /* LYEmptyView.h in Headers */,
				C486BDF32522E84A00D423CE /* LYEmptyViewHeader.h in Headers */,
				C486BDF22522E84A00D423CE /* CustomEmptyView.h in Headers */,
				C486BDF52522E84A00D423CE /* UIView+LYExtension.h in Headers */,
				C486BDEE2522E84A00D423CE /* UIView+Empty.h in Headers */,
				C486BDF62522E84A00D423CE /* LYEmptyBaseView.h in Headers */,
			);
			runOnlyForDeploymentPostprocessing = 0;
		};
/* End PBXHeadersBuildPhase section */

/* Begin PBXNativeTarget section */
		C486BDC62522E7E700D423CE /* CustomEmptyView */ = {
			isa = PBXNativeTarget;
			buildConfigurationList = C486BDDB2522E7E700D423CE /* Build configuration list for PBXNativeTarget "CustomEmptyView" */;
			buildPhases = (
				311740C3B1948B58BBDC9965 /* [CP] Check Pods Manifest.lock */,
				C486BDC22522E7E700D423CE /* Headers */,
				C486BDC32522E7E700D423CE /* Sources */,
				C486BDC42522E7E700D423CE /* Frameworks */,
				C486BDC52522E7E700D423CE /* Resources */,
			);
			buildRules = (
			);
			dependencies = (
			);
			name = CustomEmptyView;
			productName = CustomEmptyView;
			productReference = C486BDC72522E7E700D423CE /* CustomEmptyView.framework */;
			productType = "com.apple.product-type.framework";
		};
		C486BDCF2522E7E700D423CE /* CustomEmptyViewTests */ = {
			isa = PBXNativeTarget;
			buildConfigurationList = C486BDDE2522E7E700D423CE /* Build configuration list for PBXNativeTarget "CustomEmptyViewTests" */;
			buildPhases = (
				C486BDCC2522E7E700D423CE /* Sources */,
				C486BDCD2522E7E700D423CE /* Frameworks */,
				C486BDCE2522E7E700D423CE /* Resources */,
			);
			buildRules = (
			);
			dependencies = (
				C486BDD32522E7E700D423CE /* PBXTargetDependency */,
			);
			name = CustomEmptyViewTests;
			productName = CustomEmptyViewTests;
			productReference = C486BDD02522E7E700D423CE /* CustomEmptyViewTests.xctest */;
			productType = "com.apple.product-type.bundle.unit-test";
		};
/* End PBXNativeTarget section */

/* Begin PBXProject section */
		C486BDBE2522E7E700D423CE /* Project object */ = {
			isa = PBXProject;
			attributes = {
				LastUpgradeCheck = 1170;
				ORGANIZATIONNAME = zhouxiang;
				TargetAttributes = {
					C486BDC62522E7E700D423CE = {
						CreatedOnToolsVersion = 11.7;
					};
					C486BDCF2522E7E700D423CE = {
						CreatedOnToolsVersion = 11.7;
					};
				};
			};
			buildConfigurationList = C486BDC12522E7E700D423CE /* Build configuration list for PBXProject "CustomEmptyView" */;
			compatibilityVersion = "Xcode 9.3";
			developmentRegion = en;
			hasScannedForEncodings = 0;
			knownRegions = (
				en,
				Base,
			);
			mainGroup = C486BDBD2522E7E700D423CE;
			productRefGroup = C486BDC82522E7E700D423CE /* Products */;
			projectDirPath = "";
			projectRoot = "";
			targets = (
				C486BDC62522E7E700D423CE /* CustomEmptyView */,
				C486BDCF2522E7E700D423CE /* CustomEmptyViewTests */,
			);
		};
/* End PBXProject section */

/* Begin PBXResourcesBuildPhase section */
		C486BDC52522E7E700D423CE /* Resources */ = {
			isa = PBXResourcesBuildPhase;
			buildActionMask = 2147483647;
			files = (
				C486BDFC2522E87700D423CE /* LICENSE in Resources */,
				C486BDFB2522E87700D423CE /* CustomEmptyView.podspec in Resources */,
			);
			runOnlyForDeploymentPostprocessing = 0;
		};
		C486BDCE2522E7E700D423CE /* Resources */ = {
			isa = PBXResourcesBuildPhase;
			buildActionMask = 2147483647;
			files = (
			);
			runOnlyForDeploymentPostprocessing = 0;
		};
/* End PBXResourcesBuildPhase section */

/* Begin PBXShellScriptBuildPhase section */
		311740C3B1948B58BBDC9965 /* [CP] Check Pods Manifest.lock */ = {
			isa = PBXShellScriptBuildPhase;
			buildActionMask = 2147483647;
			files = (
			);
			inputFileListPaths = (
			);
			inputPaths = (
				"${PODS_PODFILE_DIR_PATH}/Podfile.lock",
				"${PODS_ROOT}/Manifest.lock",
			);
			name = "[CP] Check Pods Manifest.lock";
			outputFileListPaths = (
			);
			outputPaths = (
				"$(DERIVED_FILE_DIR)/Pods-CustomEmptyView-checkManifestLockResult.txt",
			);
			runOnlyForDeploymentPostprocessing = 0;
			shellPath = /bin/sh;
			shellScript = "diff \"${PODS_PODFILE_DIR_PATH}/Podfile.lock\" \"${PODS_ROOT}/Manifest.lock\" > /dev/null\nif [ $? != 0 ] ; then\n    # print error to STDERR\n    echo \"error: The sandbox is not in sync with the Podfile.lock. Run 'pod install' or update your CocoaPods installation.\" >&2\n    exit 1\nfi\n# This output is used by Xcode 'outputs' to avoid re-running this script phase.\necho \"SUCCESS\" > \"${SCRIPT_OUTPUT_FILE_0}\"\n";
			showEnvVarsInLog = 0;
		};
/* End PBXShellScriptBuildPhase section */

/* Begin PBXSourcesBuildPhase section */
		C486BDC32522E7E700D423CE /* Sources */ = {
			isa = PBXSourcesBuildPhase;
			buildActionMask = 2147483647;
			files = (
				C486BDEF2522E84A00D423CE /* CustomEmptyView.m in Sources */,
				C486BDF12522E84A00D423CE /* UIView+LYExtension.m in Sources */,
				C486BDF72522E84A00D423CE /* LYEmptyBaseView.m in Sources */,
				C486BDF82522E84A00D423CE /* UIView+Empty.m in Sources */,
				C486BDF42522E84A00D423CE /* LYEmptyView.m in Sources */,
			);
			runOnlyForDeploymentPostprocessing = 0;
		};
		C486BDCC2522E7E700D423CE /* Sources */ = {
			isa = PBXSourcesBuildPhase;
			buildActionMask = 2147483647;
			files = (
				C486BDD62522E7E700D423CE /* CustomEmptyViewTests.m in Sources */,
			);
			runOnlyForDeploymentPostprocessing = 0;
		};
/* End PBXSourcesBuildPhase section */

/* Begin PBXTargetDependency section */
		C486BDD32522E7E700D423CE /* PBXTargetDependency */ = {
			isa = PBXTargetDependency;
			target = C486BDC62522E7E700D423CE /* CustomEmptyView */;
			targetProxy = C486BDD22522E7E700D423CE /* PBXContainerItemProxy */;
		};
/* End PBXTargetDependency section */

/* Begin XCBuildConfiguration section */
		C486BDD92522E7E700D423CE /* Debug */ = {
			isa = XCBuildConfiguration;
			buildSettings = {
				ALWAYS_SEARCH_USER_PATHS = NO;
				CLANG_ANALYZER_NONNULL = YES;
				CLANG_ANALYZER_NUMBER_OBJECT_CONVERSION = YES_AGGRESSIVE;
				CLANG_CXX_LANGUAGE_STANDARD = "gnu++14";
				CLANG_CXX_LIBRARY = "libc++";
				CLANG_ENABLE_MODULES = YES;
				CLANG_ENABLE_OBJC_ARC = YES;
				CLANG_ENABLE_OBJC_WEAK = YES;
				CLANG_WARN_BLOCK_CAPTURE_AUTORELEASING = YES;
				CLANG_WARN_BOOL_CONVERSION = YES;
				CLANG_WARN_COMMA = YES;
				CLANG_WARN_CONSTANT_CONVERSION = YES;
				CLANG_WARN_DEPRECATED_OBJC_IMPLEMENTATIONS = YES;
				CLANG_WARN_DIRECT_OBJC_ISA_USAGE = YES_ERROR;
				CLANG_WARN_DOCUMENTATION_COMMENTS = YES;
				CLANG_WARN_EMPTY_BODY = YES;
				CLANG_WARN_ENUM_CONVERSION = YES;
				CLANG_WARN_INFINITE_RECURSION = YES;
				CLANG_WARN_INT_CONVERSION = YES;
				CLANG_WARN_NON_LITERAL_NULL_CONVERSION = YES;
				CLANG_WARN_OBJC_IMPLICIT_RETAIN_SELF = YES;
				CLANG_WARN_OBJC_LITERAL_CONVERSION = YES;
				CLANG_WARN_OBJC_ROOT_CLASS = YES_ERROR;
				CLANG_WARN_RANGE_LOOP_ANALYSIS = YES;
				CLANG_WARN_STRICT_PROTOTYPES = YES;
				CLANG_WARN_SUSPICIOUS_MOVE = YES;
				CLANG_WARN_UNGUARDED_AVAILABILITY = YES_AGGRESSIVE;
				CLANG_WARN_UNREACHABLE_CODE = YES;
				CLANG_WARN__DUPLICATE_METHOD_MATCH = YES;
				COPY_PHASE_STRIP = NO;
				CURRENT_PROJECT_VERSION = 1;
				DEBUG_INFORMATION_FORMAT = dwarf;
				ENABLE_STRICT_OBJC_MSGSEND = YES;
				ENABLE_TESTABILITY = YES;
				GCC_C_LANGUAGE_STANDARD = gnu11;
				GCC_DYNAMIC_NO_PIC = NO;
				GCC_NO_COMMON_BLOCKS = YES;
				GCC_OPTIMIZATION_LEVEL = 0;
				GCC_PREPROCESSOR_DEFINITIONS = (
					"DEBUG=1",
					"$(inherited)",
				);
				GCC_WARN_64_TO_32_BIT_CONVERSION = YES;
				GCC_WARN_ABOUT_RETURN_TYPE = YES_ERROR;
				GCC_WARN_UNDECLARED_SELECTOR = YES;
				GCC_WARN_UNINITIALIZED_AUTOS = YES_AGGRESSIVE;
				GCC_WARN_UNUSED_FUNCTION = YES;
				GCC_WARN_UNUSED_VARIABLE = YES;
				IPHONEOS_DEPLOYMENT_TARGET = 13.7;
				MTL_ENABLE_DEBUG_INFO = INCLUDE_SOURCE;
				MTL_FAST_MATH = YES;
				ONLY_ACTIVE_ARCH = YES;
				SDKROOT = iphoneos;
				VERSIONING_SYSTEM = "apple-generic";
				VERSION_INFO_PREFIX = "";
			};
			name = Debug;
		};
		C486BDDA2522E7E700D423CE /* Release */ = {
			isa = XCBuildConfiguration;
			buildSettings = {
				ALWAYS_SEARCH_USER_PATHS = NO;
				CLANG_ANALYZER_NONNULL = YES;
				CLANG_ANALYZER_NUMBER_OBJECT_CONVERSION = YES_AGGRESSIVE;
				CLANG_CXX_LANGUAGE_STANDARD = "gnu++14";
				CLANG_CXX_LIBRARY = "libc++";
				CLANG_ENABLE_MODULES = YES;
				CLANG_ENABLE_OBJC_ARC = YES;
				CLANG_ENABLE_OBJC_WEAK = YES;
				CLANG_WARN_BLOCK_CAPTURE_AUTORELEASING = YES;
				CLANG_WARN_BOOL_CONVERSION = YES;
				CLANG_WARN_COMMA = YES;
				CLANG_WARN_CONSTANT_CONVERSION = YES;
				CLANG_WARN_DEPRECATED_OBJC_IMPLEMENTATIONS = YES;
				CLANG_WARN_DIRECT_OBJC_ISA_USAGE = YES_ERROR;
				CLANG_WARN_DOCUMENTATION_COMMENTS = YES;
				CLANG_WARN_EMPTY_BODY = YES;
				CLANG_WARN_ENUM_CONVERSION = YES;
				CLANG_WARN_INFINITE_RECURSION = YES;
				CLANG_WARN_INT_CONVERSION = YES;
				CLANG_WARN_NON_LITERAL_NULL_CONVERSION = YES;
				CLANG_WARN_OBJC_IMPLICIT_RETAIN_SELF = YES;
				CLANG_WARN_OBJC_LITERAL_CONVERSION = YES;
				CLANG_WARN_OBJC_ROOT_CLASS = YES_ERROR;
				CLANG_WARN_RANGE_LOOP_ANALYSIS = YES;
				CLANG_WARN_STRICT_PROTOTYPES = YES;
				CLANG_WARN_SUSPICIOUS_MOVE = YES;
				CLANG_WARN_UNGUARDED_AVAILABILITY = YES_AGGRESSIVE;
				CLANG_WARN_UNREACHABLE_CODE = YES;
				CLANG_WARN__DUPLICATE_METHOD_MATCH = YES;
				COPY_PHASE_STRIP = NO;
				CURRENT_PROJECT_VERSION = 1;
				DEBUG_INFORMATION_FORMAT = "dwarf-with-dsym";
				ENABLE_NS_ASSERTIONS = NO;
				ENABLE_STRICT_OBJC_MSGSEND = YES;
				GCC_C_LANGUAGE_STANDARD = gnu11;
				GCC_NO_COMMON_BLOCKS = YES;
				GCC_WARN_64_TO_32_BIT_CONVERSION = YES;
				GCC_WARN_ABOUT_RETURN_TYPE = YES_ERROR;
				GCC_WARN_UNDECLARED_SELECTOR = YES;
				GCC_WARN_UNINITIALIZED_AUTOS = YES_AGGRESSIVE;
				GCC_WARN_UNUSED_FUNCTION = YES;
				GCC_WARN_UNUSED_VARIABLE = YES;
				IPHONEOS_DEPLOYMENT_TARGET = 13.7;
				MTL_ENABLE_DEBUG_INFO = NO;
				MTL_FAST_MATH = YES;
				SDKROOT = iphoneos;
				VALIDATE_PRODUCT = YES;
				VERSIONING_SYSTEM = "apple-generic";
				VERSION_INFO_PREFIX = "";
			};
			name = Release;
		};
		C486BDDC2522E7E700D423CE /* Debug */ = {
			isa = XCBuildConfiguration;
			baseConfigurationReference = F66C146DB7C5D7CCDFFAF6B6 /* Pods-CustomEmptyView.debug.xcconfig */;
			buildSettings = {
				CODE_SIGN_STYLE = Automatic;
				DEFINES_MODULE = YES;
				DEVELOPMENT_TEAM = 83MLD9ZCC3;
				DYLIB_COMPATIBILITY_VERSION = 1;
				DYLIB_CURRENT_VERSION = 1;
				DYLIB_INSTALL_NAME_BASE = "@rpath";
				INFOPLIST_FILE = CustomEmptyView/Info.plist;
				INSTALL_PATH = "$(LOCAL_LIBRARY_DIR)/Frameworks";
				IPHONEOS_DEPLOYMENT_TARGET = 8.0;
				LD_RUNPATH_SEARCH_PATHS = (
					"$(inherited)",
					"@executable_path/Frameworks",
					"@loader_path/Frameworks",
				);
				PRODUCT_BUNDLE_IDENTIFIER = KangQiao.CustomEmptyView;
				PRODUCT_NAME = "$(TARGET_NAME:c99extidentifier)";
				SKIP_INSTALL = YES;
				TARGETED_DEVICE_FAMILY = "1,2";
			};
			name = Debug;
		};
		C486BDDD2522E7E700D423CE /* Release */ = {
			isa = XCBuildConfiguration;
			baseConfigurationReference = 46750FA5DC418D47D83E9C04 /* Pods-CustomEmptyView.release.xcconfig */;
			buildSettings = {
				CODE_SIGN_STYLE = Automatic;
				DEFINES_MODULE = YES;
				DEVELOPMENT_TEAM = 83MLD9ZCC3;
				DYLIB_COMPATIBILITY_VERSION = 1;
				DYLIB_CURRENT_VERSION = 1;
				DYLIB_INSTALL_NAME_BASE = "@rpath";
				INFOPLIST_FILE = CustomEmptyView/Info.plist;
				INSTALL_PATH = "$(LOCAL_LIBRARY_DIR)/Frameworks";
				IPHONEOS_DEPLOYMENT_TARGET = 8.0;
				LD_RUNPATH_SEARCH_PATHS = (
					"$(inherited)",
					"@executable_path/Frameworks",
					"@loader_path/Frameworks",
				);
				PRODUCT_BUNDLE_IDENTIFIER = KangQiao.CustomEmptyView;
				PRODUCT_NAME = "$(TARGET_NAME:c99extidentifier)";
				SKIP_INSTALL = YES;
				TARGETED_DEVICE_FAMILY = "1,2";
			};
			name = Release;
		};
		C486BDDF2522E7E700D423CE /* Debug */ = {
			isa = XCBuildConfiguration;
			buildSettings = {
				CODE_SIGN_STYLE = Automatic;
				DEVELOPMENT_TEAM = 83MLD9ZCC3;
				INFOPLIST_FILE = CustomEmptyViewTests/Info.plist;
				LD_RUNPATH_SEARCH_PATHS = (
					"$(inherited)",
					"@executable_path/Frameworks",
					"@loader_path/Frameworks",
				);
				PRODUCT_BUNDLE_IDENTIFIER = KangQiao.CustomEmptyViewTests;
				PRODUCT_NAME = "$(TARGET_NAME)";
				TARGETED_DEVICE_FAMILY = "1,2";
			};
			name = Debug;
		};
		C486BDE02522E7E700D423CE /* Release */ = {
			isa = XCBuildConfiguration;
			buildSettings = {
				CODE_SIGN_STYLE = Automatic;
				DEVELOPMENT_TEAM = 83MLD9ZCC3;
				INFOPLIST_FILE = CustomEmptyViewTests/Info.plist;
				LD_RUNPATH_SEARCH_PATHS = (
					"$(inherited)",
					"@executable_path/Frameworks",
					"@loader_path/Frameworks",
				);
				PRODUCT_BUNDLE_IDENTIFIER = KangQiao.CustomEmptyViewTests;
				PRODUCT_NAME = "$(TARGET_NAME)";
				TARGETED_DEVICE_FAMILY = "1,2";
			};
			name = Release;
		};
/* End XCBuildConfiguration section */

/* Begin XCConfigurationList section */
		C486BDC12522E7E700D423CE /* Build configuration list for PBXProject "CustomEmptyView" */ = {
			isa = XCConfigurationList;
			buildConfigurations = (
				C486BDD92522E7E700D423CE /* Debug */,
				C486BDDA2522E7E700D423CE /* Release */,
			);
			defaultConfigurationIsVisible = 0;
			defaultConfigurationName = Release;
		};
		C486BDDB2522E7E700D423CE /* Build configuration list for PBXNativeTarget "CustomEmptyView" */ = {
			isa = XCConfigurationList;
			buildConfigurations = (
				C486BDDC2522E7E700D423CE /* Debug */,
				C486BDDD2522E7E700D423CE /* Release */,
			);
			defaultConfigurationIsVisible = 0;
			defaultConfigurationName = Release;
		};
		C486BDDE2522E7E700D423CE /* Build configuration list for PBXNativeTarget "CustomEmptyViewTests" */ = {
			isa = XCConfigurationList;
			buildConfigurations = (
				C486BDDF2522E7E700D423CE /* Debug */,
				C486BDE02522E7E700D423CE /* Release */,
			);
			defaultConfigurationIsVisible = 0;
			defaultConfigurationName = Release;
		};
/* End XCConfigurationList section */
	};
	rootObject = C486BDBE2522E7E700D423CE /* Project object */;
}
